const express = require('express');
const http = require('http');
const socketIo = require('socket.io');
const mineflayer = require('mineflayer');

const app = express();
const server = http.createServer(app);
const io = socketIo(server);

app.use(express.static('public'));

let bot = null;
let botOptions = {
  host: 'play.mc4fun.net',
  port: 25565,
  username: 'nusretyasir',
  password: '2013',              // Varsayılan /login şifreniz
  autoReconnect: true
};

let reconnectTimeout = null;

function createBot() {
  if (bot) {
    try { bot.end(); } catch (e) {}
  }

  io.emit('status', 'Sunucuya bağlanılıyor...');

  bot = mineflayer.createBot({
    host: botOptions.host,
    port: botOptions.port,
    username: botOptions.username,
    version: false
  });

  bot.on('spawn', () => {
    io.emit('status', 'Sunucuya katıldı!');
    io.emit('chat', '[SİSTEM] Bot başarıyla play.mc4fun.net sunucusuna girdi.');

    // Otomatik /login gönderimi
    if (botOptions.password && botOptions.password.trim() !== '') {
      setTimeout(() => {
        bot.chat(`/login ${botOptions.password}`);
        io.emit('chat', `[SİSTEM] Otomatik /login ${botOptions.password} gönderildi.`);
      }, 2500); // Oyuna girdikten 2.5 saniye sonra gönderir
    }
  });

  bot.on('chat', (username, message) => {
    io.emit('chat', `${username}: ${message}`);
  });

  bot.on('messagestr', (message) => {
    io.emit('chat', message);
  });

  bot.on('kicked', (reason) => {
    const reasonText = typeof reason === 'object' ? JSON.stringify(reason) : reason;
    io.emit('status', 'Sunucudan atıldı.');
    io.emit('chat', `[SİSTEM] Sunucudan atıldı: ${reasonText}`);
    handleReconnect();
  });

  bot.on('error', (err) => {
    io.emit('status', 'Bağlantı hatası!');
    io.emit('chat', `[SİSTEM] Hata: ${err.message}`);
    handleReconnect();
  });

  bot.on('end', () => {
    io.emit('status', 'Bağlantı kesildi.');
    io.emit('chat', '[SİSTEM] Sunucu bağlantısı koptu.');
    handleReconnect();
  });
}

function handleReconnect() {
  if (botOptions.autoReconnect) {
    if (reconnectTimeout) clearTimeout(reconnectTimeout);
    io.emit('chat', '[SİSTEM] 10 saniye içinde otomatik tekrar bağlanılacak...');
    reconnectTimeout = setTimeout(() => {
      createBot();
    }, 10000);
  }
}

io.on('connection', (socket) => {
  socket.emit('status', bot ? 'Aktif' : 'Çevrimdışı');

  socket.on('startBot', (data) => {
    botOptions.host = data.host || botOptions.host;
    botOptions.port = parseInt(data.port) || 25565;
    botOptions.username = data.username || botOptions.username;
    botOptions.password = data.password || '2013';
    botOptions.autoReconnect = data.autoReconnect !== undefined ? data.autoReconnect : true;
    
    if (reconnectTimeout) clearTimeout(reconnectTimeout);
    createBot();
  });

  socket.on('reconnectBot', () => {
    if (reconnectTimeout) clearTimeout(reconnectTimeout);
    createBot();
  });

  socket.on('sendMessage', (msg) => {
    if (bot) {
      bot.chat(msg);
    }
  });
});

const PORT = process.env.PORT || 3000;
server.listen(PORT, () => {
  console.log(`Sunucu ${PORT} portunda çalışıyor`);
});